dependencies:
  idf:
    source:
      type: idf
    version: 5.5.0
  lvgl/lvgl:
    component_hash: d7c1ac037ae6e85d94897f807d6e7ba0946a83e720074fc95a4f6241da9f9f53
    dependencies: []
    source:
      registry_url: https://components.espressif.com/
      type: service
    version: 8.4.0
direct_dependencies:
- idf
- lvgl/lvgl
manifest_hash: 658c4bb9ca1ae63cf3ca7835d0b630494f15b89b04fa68b578f1614c6573588a
target: esp32s3
version: 2.0.0
